
Microsoft Visual Studio Solution File, Format Version 12.00
# Visual Studio 15
VisualStudioVersion = 15.0.27428.2015
MinimumVisualStudioVersion = 10.0.40219.1
Project("{8BC9CEB8-8B4A-11D0-8D11-00A0C91BC942}") = "TCPIPServer", "TCPIPServer\TCPIPServer.vcxproj", "{5545B2DB-AB7F-497C-87D1-66C20734CC74}"
EndProject
Global
	GlobalSection(SolutionConfigurationPlatforms) = preSolution
		Debug|x64 = Debug|x64
		Debug|x86 = Debug|x86
		Release|x64 = Release|x64
		Release|x86 = Release|x86
	EndGlobalSection
	GlobalSection(ProjectConfigurationPlatforms) = postSolution
		{5545B2DB-AB7F-497C-87D1-66C20734CC74}.Debug|x64.ActiveCfg = Debug|x64
		{5545B2DB-AB7F-497C-87D1-66C20734CC74}.Debug|x64.Build.0 = Debug|x64
		{5545B2DB-AB7F-497C-87D1-66C20734CC74}.Debug|x86.ActiveCfg = Debug|Win32
		{5545B2DB-AB7F-497C-87D1-66C20734CC74}.Debug|x86.Build.0 = Debug|Win32
		{5545B2DB-AB7F-497C-87D1-66C20734CC74}.Release|x64.ActiveCfg = Release|x64
		{5545B2DB-AB7F-497C-87D1-66C20734CC74}.Release|x64.Build.0 = Release|x64
		{5545B2DB-AB7F-497C-87D1-66C20734CC74}.Release|x86.ActiveCfg = Release|Win32
		{5545B2DB-AB7F-497C-87D1-66C20734CC74}.Release|x86.Build.0 = Release|Win32
	EndGlobalSection
	GlobalSection(SolutionProperties) = preSolution
		HideSolutionNode = FALSE
	EndGlobalSection
	GlobalSection(ExtensibilityGlobals) = postSolution
		SolutionGuid = {383F521D-4DDD-4D7E-AB25-52605D53122D}
	EndGlobalSection
EndGlobal
